
Microsoft Visual Studio Solution File, Format Version 12.00
# Visual Studio 15
VisualStudioVersion = 15.0.27428.2015
MinimumVisualStudioVersion = 10.0.40219.1
Project("{FAE04EC0-301F-11D3-BF4B-00C04F79EFBC}") = "Linq.GridQuery", "Linq.GridQuery\Linq.GridQuery.csproj", "{09751BBB-99BB-4140-A9B5-67A7025D8FE6}"
EndProject
Project("{FAE04EC0-301F-11D3-BF4B-00C04F79EFBC}") = "Linq.GridQuery.Test", "Linq.GridQuery.Test\Linq.GridQuery.Test.csproj", "{1773BBE8-7361-4501-A3B7-0F9B59E1BE53}"
EndProject
Project("{FAE04EC0-301F-11D3-BF4B-00C04F79EFBC}") = "Linq.GridQuery.NetCore.Test", "Linq.GridQuery.NetCore.Test\Linq.GridQuery.NetCore.Test.csproj", "{8BF7693B-9E3D-4249-80C1-34CB0AF12C8A}"
EndProject
Global
	GlobalSection(SolutionConfigurationPlatforms) = preSolution
		Debug|Any CPU = Debug|Any CPU
		Release|Any CPU = Release|Any CPU
	EndGlobalSection
	GlobalSection(ProjectConfigurationPlatforms) = postSolution
		{09751BBB-99BB-4140-A9B5-67A7025D8FE6}.Debug|Any CPU.ActiveCfg = Debug|Any CPU
		{09751BBB-99BB-4140-A9B5-67A7025D8FE6}.Debug|Any CPU.Build.0 = Debug|Any CPU
		{09751BBB-99BB-4140-A9B5-67A7025D8FE6}.Release|Any CPU.ActiveCfg = Release|Any CPU
		{09751BBB-99BB-4140-A9B5-67A7025D8FE6}.Release|Any CPU.Build.0 = Release|Any CPU
		{1773BBE8-7361-4501-A3B7-0F9B59E1BE53}.Debug|Any CPU.ActiveCfg = Debug|Any CPU
		{1773BBE8-7361-4501-A3B7-0F9B59E1BE53}.Debug|Any CPU.Build.0 = Debug|Any CPU
		{1773BBE8-7361-4501-A3B7-0F9B59E1BE53}.Release|Any CPU.ActiveCfg = Release|Any CPU
		{1773BBE8-7361-4501-A3B7-0F9B59E1BE53}.Release|Any CPU.Build.0 = Release|Any CPU
		{8BF7693B-9E3D-4249-80C1-34CB0AF12C8A}.Debug|Any CPU.ActiveCfg = Debug|Any CPU
		{8BF7693B-9E3D-4249-80C1-34CB0AF12C8A}.Debug|Any CPU.Build.0 = Debug|Any CPU
		{8BF7693B-9E3D-4249-80C1-34CB0AF12C8A}.Release|Any CPU.ActiveCfg = Release|Any CPU
		{8BF7693B-9E3D-4249-80C1-34CB0AF12C8A}.Release|Any CPU.Build.0 = Release|Any CPU
	EndGlobalSection
	GlobalSection(SolutionProperties) = preSolution
		HideSolutionNode = FALSE
	EndGlobalSection
	GlobalSection(ExtensibilityGlobals) = postSolution
		SolutionGuid = {C5613930-9F62-40C4-B5C2-B3219E8802B4}
	EndGlobalSection
EndGlobal
